version = 1
revision = 1
requires-python = ">=3.12"

[[package]]
name = "markdown-it-py"
version = "3.0.0"
source = { registry = "https://pypi.org/simple" }
dependencies = [
    { name = "mdurl" },
]
sdist = { url = "https://files.pythonhosted.org/packages/38/71/3b932df36c1a044d397a1f92d1cf91ee0a503d91e470cbd670aa66b07ed0/markdown-it-py-3.0.0.tar.gz", hash = "sha256:e3f60a94fa066dc52ec76661e37c851cb232d92f9886b15cb560aaada2df8feb", size = 74596 }
wheels = [
    { url = "https://files.pythonhosted.org/packages/42/d7/1ec15b46af6af88f19b8e5ffea08fa375d433c998b8a7639e76935c14f1f/markdown_it_py-3.0.0-py3-none-any.whl", hash = "sha256:355216845c60bd96232cd8d8c40e8f9765cc86f46880e43a8fd22dc1a1a8cab1", size = 87528 },
]

[[package]]
name = "mdurl"
version = "0.1.2"
source = { registry = "https://pypi.org/simple" }
sdist = { url = "https://files.pythonhosted.org/packages/d6/54/cfe61301667036ec958cb99bd3efefba235e65cdeb9c84d24a8293ba1d90/mdurl-0.1.2.tar.gz", hash = "sha256:bb413d29f5eea38f31dd4754dd7377d4465116fb207585f97bf925588687c1ba", size = 8729 }
wheels = [
    { url = "https://files.pythonhosted.org/packages/b3/38/89ba8ad64ae25be8de66a6d463314cf1eb366222074cfda9ee839c56a4b4/mdurl-0.1.2-py3-none-any.whl", hash = "sha256:84008a41e51615a49fc9966191ff91509e3c40b939176e643fd50a5c2196b8f8", size = 9979 },
]

[[package]]
name = "nullmovement"
version = "0.1.0"
source = { virtual = "." }
dependencies = [
    { name = "pywin32" },
    { name = "rich" },
]

[package.metadata]
requires-dist = [
    { name = "pywin32", specifier = ">=309" },
    { name = "rich", specifier = ">=13.9.4" },
]

[[package]]
name = "pygments"
version = "2.19.1"
source = { registry = "https://pypi.org/simple" }
sdist = { url = "https://files.pythonhosted.org/packages/7c/2d/c3338d48ea6cc0feb8446d8e6937e1408088a72a39937982cc6111d17f84/pygments-2.19.1.tar.gz", hash = "sha256:61c16d2a8576dc0649d9f39e089b5f02bcd27fba10d8fb4dcc28173f7a45151f", size = 4968581 }
wheels = [
    { url = "https://files.pythonhosted.org/packages/8a/0b/9fcc47d19c48b59121088dd6da2488a49d5f72dacf8262e2790a1d2c7d15/pygments-2.19.1-py3-none-any.whl", hash = "sha256:9ea1544ad55cecf4b8242fab6dd35a93bbce657034b0611ee383099054ab6d8c", size = 1225293 },
]

[[package]]
name = "pywin32"
version = "309"
source = { registry = "https://pypi.org/simple" }
wheels = [
    { url = "https://files.pythonhosted.org/packages/20/2c/b0240b14ff3dba7a8a7122dc9bbf7fbd21ed0e8b57c109633675b5d1761f/pywin32-309-cp312-cp312-win32.whl", hash = "sha256:de9acacced5fa82f557298b1fed5fef7bd49beee04190f68e1e4783fbdc19926", size = 8790648 },
    { url = "https://files.pythonhosted.org/packages/dd/11/c36884c732e2b3397deee808b5dac1abbb170ec37f94c6606fcb04d1e9d7/pywin32-309-cp312-cp312-win_amd64.whl", hash = "sha256:6ff9eebb77ffc3d59812c68db33c0a7817e1337e3537859499bd27586330fc9e", size = 9497399 },
    { url = "https://files.pythonhosted.org/packages/18/9f/79703972958f8ba3fd38bc9bf1165810bd75124982419b0cc433a2894d46/pywin32-309-cp312-cp312-win_arm64.whl", hash = "sha256:619f3e0a327b5418d833f44dc87859523635cf339f86071cc65a13c07be3110f", size = 8454122 },
    { url = "https://files.pythonhosted.org/packages/6c/c3/51aca6887cc5e410aa4cdc55662cf8438212440c67335c3f141b02eb8d52/pywin32-309-cp313-cp313-win32.whl", hash = "sha256:008bffd4afd6de8ca46c6486085414cc898263a21a63c7f860d54c9d02b45c8d", size = 8789700 },
    { url = "https://files.pythonhosted.org/packages/dd/66/330f265140fa814b4ed1bf16aea701f9d005f8f4ab57a54feb17f53afe7e/pywin32-309-cp313-cp313-win_amd64.whl", hash = "sha256:bd0724f58492db4cbfbeb1fcd606495205aa119370c0ddc4f70e5771a3ab768d", size = 9496714 },
    { url = "https://files.pythonhosted.org/packages/2c/84/9a51e6949a03f25cd329ece54dbf0846d57fadd2e79046c3b8d140aaa132/pywin32-309-cp313-cp313-win_arm64.whl", hash = "sha256:8fd9669cfd41863b688a1bc9b1d4d2d76fd4ba2128be50a70b0ea66b8d37953b", size = 8453052 },
]

[[package]]
name = "rich"
version = "13.9.4"
source = { registry = "https://pypi.org/simple" }
dependencies = [
    { name = "markdown-it-py" },
    { name = "pygments" },
]
sdist = { url = "https://files.pythonhosted.org/packages/ab/3a/0316b28d0761c6734d6bc14e770d85506c986c85ffb239e688eeaab2c2bc/rich-13.9.4.tar.gz", hash = "sha256:439594978a49a09530cff7ebc4b5c7103ef57baf48d5ea3184f21d9a2befa098", size = 223149 }
wheels = [
    { url = "https://files.pythonhosted.org/packages/19/71/39c7c0d87f8d4e6c020a393182060eaefeeae6c01dab6a84ec346f2567df/rich-13.9.4-py3-none-any.whl", hash = "sha256:6049d5e6ec054bf2779ab3358186963bac2ea89175919d699e378b99738c2a90", size = 242424 },
]
